
Microsoft Visual Studio Solution File, Format Version 12.00
# Visual Studio Version 16
VisualStudioVersion = 16.0.31019.35
MinimumVisualStudioVersion = 10.0.40219.1
Project("{9A19103F-16F7-4668-BE54-9A1E7A4F7556}") = "SubstitutionCipher", "SubstitutionCipher.csproj", "{1B5434D5-53C5-46E2-91EC-5E01EA3D341E}"
EndProject
Global
	GlobalSection(SolutionConfigurationPlatforms) = preSolution
		Debug|Any CPU = Debug|Any CPU
		Release|Any CPU = Release|Any CPU
	EndGlobalSection
	GlobalSection(ProjectConfigurationPlatforms) = postSolution
		{1B5434D5-53C5-46E2-91EC-5E01EA3D341E}.Debug|Any CPU.ActiveCfg = Debug|Any CPU
		{1B5434D5-53C5-46E2-91EC-5E01EA3D341E}.Debug|Any CPU.Build.0 = Debug|Any CPU
		{1B5434D5-53C5-46E2-91EC-5E01EA3D341E}.Release|Any CPU.ActiveCfg = Release|Any CPU
		{1B5434D5-53C5-46E2-91EC-5E01EA3D341E}.Release|Any CPU.Build.0 = Release|Any CPU
	EndGlobalSection
	GlobalSection(SolutionProperties) = preSolution
		HideSolutionNode = FALSE
	EndGlobalSection
	GlobalSection(ExtensibilityGlobals) = postSolution
		SolutionGuid = {302E4B3E-353E-422A-865B-CD9CBD2CAABD}
	EndGlobalSection
EndGlobal
